
Microsoft Visual Studio Solution File, Format Version 12.00
# Visual Studio 15
VisualStudioVersion = 15.0.26124.0
MinimumVisualStudioVersion = 15.0.26124.0
Project("{FAE04EC0-301F-11D3-BF4B-00C04F79EFBC}") = "PizzaBox.Client", "PizzaBox.Client\PizzaBox.Client.csproj", "{726C31CF-567A-4CFC-AB42-6A4A42C2D547}"
EndProject
Project("{FAE04EC0-301F-11D3-BF4B-00C04F79EFBC}") = "PizzaBox.Domain", "PizzaBox.Domain\PizzaBox.Domain.csproj", "{0F9E714F-478E-4FC5-8DA9-EA0839992665}"
EndProject
Project("{FAE04EC0-301F-11D3-BF4B-00C04F79EFBC}") = "PizzaBox.Storing", "PizzaBox.Storing\PizzaBox.Storing.csproj", "{02600F50-AC24-4CB7-A5A6-A9C295FAD4C4}"
EndProject
Project("{FAE04EC0-301F-11D3-BF4B-00C04F79EFBC}") = "PizzaBox.Testing", "PizzaBox.Testing\PizzaBox.Testing.csproj", "{60005C79-8C1F-4AEF-B4BC-68F38A4AF4F0}"
EndProject
Global
	GlobalSection(SolutionConfigurationPlatforms) = preSolution
		Debug|Any CPU = Debug|Any CPU
		Debug|x64 = Debug|x64
		Debug|x86 = Debug|x86
		Release|Any CPU = Release|Any CPU
		Release|x64 = Release|x64
		Release|x86 = Release|x86
	EndGlobalSection
	GlobalSection(SolutionProperties) = preSolution
		HideSolutionNode = FALSE
	EndGlobalSection
	GlobalSection(ProjectConfigurationPlatforms) = postSolution
		{726C31CF-567A-4CFC-AB42-6A4A42C2D547}.Debug|Any CPU.ActiveCfg = Debug|Any CPU
		{726C31CF-567A-4CFC-AB42-6A4A42C2D547}.Debug|Any CPU.Build.0 = Debug|Any CPU
		{726C31CF-567A-4CFC-AB42-6A4A42C2D547}.Debug|x64.ActiveCfg = Debug|Any CPU
		{726C31CF-567A-4CFC-AB42-6A4A42C2D547}.Debug|x64.Build.0 = Debug|Any CPU
		{726C31CF-567A-4CFC-AB42-6A4A42C2D547}.Debug|x86.ActiveCfg = Debug|Any CPU
		{726C31CF-567A-4CFC-AB42-6A4A42C2D547}.Debug|x86.Build.0 = Debug|Any CPU
		{726C31CF-567A-4CFC-AB42-6A4A42C2D547}.Release|Any CPU.ActiveCfg = Release|Any CPU
		{726C31CF-567A-4CFC-AB42-6A4A42C2D547}.Release|Any CPU.Build.0 = Release|Any CPU
		{726C31CF-567A-4CFC-AB42-6A4A42C2D547}.Release|x64.ActiveCfg = Release|Any CPU
		{726C31CF-567A-4CFC-AB42-6A4A42C2D547}.Release|x64.Build.0 = Release|Any CPU
		{726C31CF-567A-4CFC-AB42-6A4A42C2D547}.Release|x86.ActiveCfg = Release|Any CPU
		{726C31CF-567A-4CFC-AB42-6A4A42C2D547}.Release|x86.Build.0 = Release|Any CPU
		{0F9E714F-478E-4FC5-8DA9-EA0839992665}.Debug|Any CPU.ActiveCfg = Debug|Any CPU
		{0F9E714F-478E-4FC5-8DA9-EA0839992665}.Debug|Any CPU.Build.0 = Debug|Any CPU
		{0F9E714F-478E-4FC5-8DA9-EA0839992665}.Debug|x64.ActiveCfg = Debug|Any CPU
		{0F9E714F-478E-4FC5-8DA9-EA0839992665}.Debug|x64.Build.0 = Debug|Any CPU
		{0F9E714F-478E-4FC5-8DA9-EA0839992665}.Debug|x86.ActiveCfg = Debug|Any CPU
		{0F9E714F-478E-4FC5-8DA9-EA0839992665}.Debug|x86.Build.0 = Debug|Any CPU
		{0F9E714F-478E-4FC5-8DA9-EA0839992665}.Release|Any CPU.ActiveCfg = Release|Any CPU
		{0F9E714F-478E-4FC5-8DA9-EA0839992665}.Release|Any CPU.Build.0 = Release|Any CPU
		{0F9E714F-478E-4FC5-8DA9-EA0839992665}.Release|x64.ActiveCfg = Release|Any CPU
		{0F9E714F-478E-4FC5-8DA9-EA0839992665}.Release|x64.Build.0 = Release|Any CPU
		{0F9E714F-478E-4FC5-8DA9-EA0839992665}.Release|x86.ActiveCfg = Release|Any CPU
		{0F9E714F-478E-4FC5-8DA9-EA0839992665}.Release|x86.Build.0 = Release|Any CPU
		{02600F50-AC24-4CB7-A5A6-A9C295FAD4C4}.Debug|Any CPU.ActiveCfg = Debug|Any CPU
		{02600F50-AC24-4CB7-A5A6-A9C295FAD4C4}.Debug|Any CPU.Build.0 = Debug|Any CPU
		{02600F50-AC24-4CB7-A5A6-A9C295FAD4C4}.Debug|x64.ActiveCfg = Debug|Any CPU
		{02600F50-AC24-4CB7-A5A6-A9C295FAD4C4}.Debug|x64.Build.0 = Debug|Any CPU
		{02600F50-AC24-4CB7-A5A6-A9C295FAD4C4}.Debug|x86.ActiveCfg = Debug|Any CPU
		{02600F50-AC24-4CB7-A5A6-A9C295FAD4C4}.Debug|x86.Build.0 = Debug|Any CPU
		{02600F50-AC24-4CB7-A5A6-A9C295FAD4C4}.Release|Any CPU.ActiveCfg = Release|Any CPU
		{02600F50-AC24-4CB7-A5A6-A9C295FAD4C4}.Release|Any CPU.Build.0 = Release|Any CPU
		{02600F50-AC24-4CB7-A5A6-A9C295FAD4C4}.Release|x64.ActiveCfg = Release|Any CPU
		{02600F50-AC24-4CB7-A5A6-A9C295FAD4C4}.Release|x64.Build.0 = Release|Any CPU
		{02600F50-AC24-4CB7-A5A6-A9C295FAD4C4}.Release|x86.ActiveCfg = Release|Any CPU
		{02600F50-AC24-4CB7-A5A6-A9C295FAD4C4}.Release|x86.Build.0 = Release|Any CPU
		{60005C79-8C1F-4AEF-B4BC-68F38A4AF4F0}.Debug|Any CPU.ActiveCfg = Debug|Any CPU
		{60005C79-8C1F-4AEF-B4BC-68F38A4AF4F0}.Debug|Any CPU.Build.0 = Debug|Any CPU
		{60005C79-8C1F-4AEF-B4BC-68F38A4AF4F0}.Debug|x64.ActiveCfg = Debug|Any CPU
		{60005C79-8C1F-4AEF-B4BC-68F38A4AF4F0}.Debug|x64.Build.0 = Debug|Any CPU
		{60005C79-8C1F-4AEF-B4BC-68F38A4AF4F0}.Debug|x86.ActiveCfg = Debug|Any CPU
		{60005C79-8C1F-4AEF-B4BC-68F38A4AF4F0}.Debug|x86.Build.0 = Debug|Any CPU
		{60005C79-8C1F-4AEF-B4BC-68F38A4AF4F0}.Release|Any CPU.ActiveCfg = Release|Any CPU
		{60005C79-8C1F-4AEF-B4BC-68F38A4AF4F0}.Release|Any CPU.Build.0 = Release|Any CPU
		{60005C79-8C1F-4AEF-B4BC-68F38A4AF4F0}.Release|x64.ActiveCfg = Release|Any CPU
		{60005C79-8C1F-4AEF-B4BC-68F38A4AF4F0}.Release|x64.Build.0 = Release|Any CPU
		{60005C79-8C1F-4AEF-B4BC-68F38A4AF4F0}.Release|x86.ActiveCfg = Release|Any CPU
		{60005C79-8C1F-4AEF-B4BC-68F38A4AF4F0}.Release|x86.Build.0 = Release|Any CPU
	EndGlobalSection
EndGlobal
